
Microsoft Visual Studio Solution File, Format Version 12.00
# Visual Studio Version 17
VisualStudioVersion = 17.11.35312.102
MinimumVisualStudioVersion = 10.0.40219.1
Project("{9A19103F-16F7-4668-BE54-9A1E7A4F7556}") = "ConsoleApp8", "ConsoleApp8\ConsoleApp8.csproj", "{4523E96C-C930-4FBF-B628-2AFA6CBEB0CE}"
EndProject
Global
	GlobalSection(SolutionConfigurationPlatforms) = preSolution
		Debug|Any CPU = Debug|Any CPU
		Release|Any CPU = Release|Any CPU
	EndGlobalSection
	GlobalSection(ProjectConfigurationPlatforms) = postSolution
		{4523E96C-C930-4FBF-B628-2AFA6CBEB0CE}.Debug|Any CPU.ActiveCfg = Debug|Any CPU
		{4523E96C-C930-4FBF-B628-2AFA6CBEB0CE}.Debug|Any CPU.Build.0 = Debug|Any CPU
		{4523E96C-C930-4FBF-B628-2AFA6CBEB0CE}.Release|Any CPU.ActiveCfg = Release|Any CPU
		{4523E96C-C930-4FBF-B628-2AFA6CBEB0CE}.Release|Any CPU.Build.0 = Release|Any CPU
	EndGlobalSection
	GlobalSection(SolutionProperties) = preSolution
		HideSolutionNode = FALSE
	EndGlobalSection
	GlobalSection(ExtensibilityGlobals) = postSolution
		SolutionGuid = {BB4DAC4B-176B-4439-A40E-47529AF9F9F8}
	EndGlobalSection
EndGlobal
