
Microsoft Visual Studio Solution File, Format Version 12.00
# Visual Studio Version 17
VisualStudioVersion = 17.11.35312.102
MinimumVisualStudioVersion = 10.0.40219.1
Project("{FAE04EC0-301F-11D3-BF4B-00C04F79EFBC}") = "Ab206", "Ab206\Ab206.csproj", "{496DD3B8-17D4-4DFE-AF15-235F587353C5}"
EndProject
Global
	GlobalSection(SolutionConfigurationPlatforms) = preSolution
		Debug|Any CPU = Debug|Any CPU
		Release|Any CPU = Release|Any CPU
	EndGlobalSection
	GlobalSection(ProjectConfigurationPlatforms) = postSolution
		{496DD3B8-17D4-4DFE-AF15-235F587353C5}.Debug|Any CPU.ActiveCfg = Debug|Any CPU
		{496DD3B8-17D4-4DFE-AF15-235F587353C5}.Debug|Any CPU.Build.0 = Debug|Any CPU
		{496DD3B8-17D4-4DFE-AF15-235F587353C5}.Release|Any CPU.ActiveCfg = Release|Any CPU
		{496DD3B8-17D4-4DFE-AF15-235F587353C5}.Release|Any CPU.Build.0 = Release|Any CPU
	EndGlobalSection
	GlobalSection(SolutionProperties) = preSolution
		HideSolutionNode = FALSE
	EndGlobalSection
	GlobalSection(ExtensibilityGlobals) = postSolution
		SolutionGuid = {C84BA1CA-6C91-4018-B555-DF5ECB4CF2CC}
	EndGlobalSection
EndGlobal
